{
  "name": "mobile-webui-frontend-testing",
  "version": "1.0.0",
  "lockfileVersion": 3,
  "requires": true,
  "packages": {
    "": {
      "name": "mobile-webui-frontend-testing",
      "version": "1.0.0",
      "license": "MIT",
      "devDependencies": {
        "@playwright/test": "^1.50.1",
        "@types/node": "^22.13.1",
        "allure-commandline": "^2.32.1",
        "allure-js-commons": "^3.4.3",
        "allure-playwright": "^3.4.3"
      }
    },
    "node_modules/@playwright/test": {
      "version": "1.57.0",
      "resolved": "https://registry.npmjs.org/@playwright/test/-/test-1.57.0.tgz",
      "integrity": "sha512-6TyEnHgd6SArQO8UO2OMTxshln3QMWBtPGrOCgs3wVEmQmwyuNtB10IZMfmYDE0riwNR1cu4q+pPcxMVtaG3TA==",
      "dev": true,
      "license": "Apache-2.0",
      "dependencies": {
        "playwright": "1.57.0"
      },
      "bin": {
        "playwright": "cli.js"
      },
      "engines": {
        "node": ">=18"
      }
    },
    "node_modules/@types/node": {
      "version": "22.13.1",
      "resolved": "https://registry.npmjs.org/@types/node/-/node-22.13.1.tgz",
      "integrity": "sha512-jK8uzQlrvXqEU91UxiK5J7pKHyzgnI1Qnl0QDHIgVGuolJhRb9EEl28Cj9b3rGR8B2lhFCtvIm5os8lFnO/1Ew==",
      "dev": true,
      "license": "MIT",
      "dependencies": {
        "undici-types": "~6.20.0"
      }
    },
    "node_modules/allure-commandline": {
      "version": "2.36.0",
      "resolved": "https://registry.npmjs.org/allure-commandline/-/allure-commandline-2.36.0.tgz",
      "integrity": "sha512-ls/4fk2Psv2Tu2PbWFrQPmUnm3gmmO9MBan4MuPWwqdkJPEmln2KRwtvtWYr9Av+e5AnFK1fGXWVyxqJIPiPwA==",
      "dev": true,
      "license": "Apache-2.0",
      "bin": {
        "allure": "bin/allure"
      }
    },
    "node_modules/allure-js-commons": {
      "version": "3.4.3",
      "resolved": "https://registry.npmjs.org/allure-js-commons/-/allure-js-commons-3.4.3.tgz",
      "integrity": "sha512-2n2uUFVmI7OaKXfkUPq2AcD1ksPR/WXZ9IhmQlMylb8bNpPChn1QPA/W97+RDYawFgvfhnadzIrH9ZWTWKjiNg==",
      "dev": true,
      "license": "Apache-2.0",
      "dependencies": {
        "md5": "^2.3.0"
      },
      "peerDependencies": {
        "allure-playwright": "3.4.3"
      },
      "peerDependenciesMeta": {
        "allure-playwright": {
          "optional": true
        }
      }
    },
    "node_modules/allure-playwright": {
      "version": "3.4.3",
      "resolved": "https://registry.npmjs.org/allure-playwright/-/allure-playwright-3.4.3.tgz",
      "integrity": "sha512-yrRwxloT5eSDXm6PDo1UCWpdPF7WRifhXwdBsZX1r8eXpQLhwHOZSzAvXP3Q3LcLdQpgn0cUjDIteBvuY2+75Q==",
      "dev": true,
      "license": "Apache-2.0",
      "dependencies": {
        "allure-js-commons": "3.4.3"
      },
      "peerDependencies": {
        "@playwright/test": ">=1.53.0"
      }
    },
    "node_modules/charenc": {
      "version": "0.0.2",
      "resolved": "https://registry.npmjs.org/charenc/-/charenc-0.0.2.tgz",
      "integrity": "sha512-yrLQ/yVUFXkzg7EDQsPieE/53+0RlaWTs+wBrvW36cyilJ2SaDWfl4Yj7MtLTXleV9uEKefbAGUPv2/iWSooRA==",
      "dev": true,
      "license": "BSD-3-Clause",
      "engines": {
        "node": "*"
      }
    },
    "node_modules/crypt": {
      "version": "0.0.2",
      "resolved": "https://registry.npmjs.org/crypt/-/crypt-0.0.2.tgz",
      "integrity": "sha512-mCxBlsHFYh9C+HVpiEacem8FEBnMXgU9gy4zmNC+SXAZNB/1idgp/aulFJ4FgCi7GPEVbfyng092GqL2k2rmow==",
      "dev": true,
      "license": "BSD-3-Clause",
      "engines": {
        "node": "*"
      }
    },
    "node_modules/fsevents": {
      "version": "2.3.2",
      "resolved": "https://registry.npmjs.org/fsevents/-/fsevents-2.3.2.tgz",
      "integrity": "sha512-xiqMQR4xAeHTuB9uWm+fFRcIOgKBMiOBP+eXiyT7jsgVCq1bkVygt00oASowB7EdtpOHaaPgKt812P9ab+DDKA==",
      "dev": true,
      "hasInstallScript": true,
      "license": "MIT",
      "optional": true,
      "os": [
        "darwin"
      ],
      "engines": {
        "node": "^8.16.0 || ^10.6.0 || >=11.0.0"
      }
    },
    "node_modules/is-buffer": {
      "version": "1.1.6",
      "resolved": "https://registry.npmjs.org/is-buffer/-/is-buffer-1.1.6.tgz",
      "integrity": "sha512-NcdALwpXkTm5Zvvbk7owOUSvVvBKDgKP5/ewfXEznmQFfs4ZRmanOeKBTjRVjka3QFoN6XJ+9F3USqfHqTaU5w==",
      "dev": true,
      "license": "MIT"
    },
    "node_modules/md5": {
      "version": "2.3.0",
      "resolved": "https://registry.npmjs.org/md5/-/md5-2.3.0.tgz",
      "integrity": "sha512-T1GITYmFaKuO91vxyoQMFETst+O71VUPEU3ze5GNzDm0OWdP8v1ziTaAEPUr/3kLsY3Sftgz242A1SetQiDL7g==",
      "dev": true,
      "license": "BSD-3-Clause",
      "dependencies": {
        "charenc": "0.0.2",
        "crypt": "0.0.2",
        "is-buffer": "~1.1.6"
      }
    },
    "node_modules/playwright": {
      "version": "1.57.0",
      "resolved": "https://registry.npmjs.org/playwright/-/playwright-1.57.0.tgz",
      "integrity": "sha512-ilYQj1s8sr2ppEJ2YVadYBN0Mb3mdo9J0wQ+UuDhzYqURwSoW4n1Xs5vs7ORwgDGmyEh33tRMeS8KhdkMoLXQw==",
      "dev": true,
      "license": "Apache-2.0",
      "dependencies": {
        "playwright-core": "1.57.0"
      },
      "bin": {
        "playwright": "cli.js"
      },
      "engines": {
        "node": ">=18"
      },
      "optionalDependencies": {
        "fsevents": "2.3.2"
      }
    },
    "node_modules/playwright-core": {
      "version": "1.57.0",
      "resolved": "https://registry.npmjs.org/playwright-core/-/playwright-core-1.57.0.tgz",
      "integrity": "sha512-agTcKlMw/mjBWOnD6kFZttAAGHgi/Nw0CZ2o6JqWSbMlI219lAFLZZCyqByTsvVAJq5XA5H8cA6PrvBRpBWEuQ==",
      "dev": true,
      "license": "Apache-2.0",
      "bin": {
        "playwright-core": "cli.js"
      },
      "engines": {
        "node": ">=18"
      }
    },
    "node_modules/undici-types": {
      "version": "6.20.0",
      "resolved": "https://registry.npmjs.org/undici-types/-/undici-types-6.20.0.tgz",
      "integrity": "sha512-Ny6QZ2Nju20vw1SRHe3d9jVu6gJ+4e3+MMpqu7pqE5HT6WsTSlce++GQmK5UXS8mzV8DSYHrQH+Xrf2jVcuKNg==",
      "dev": true,
      "license": "MIT"
    }
  }
}
